PODS:
  - CryptoSwift (1.4.2)
  - PromiseKit (6.18.1):
    - PromiseKit/CorePromise (= 6.18.1)
    - PromiseKit/Foundation (= 6.18.1)
    - PromiseKit/UIKit (= 6.18.1)
  - PromiseKit/CorePromise (6.18.1)
  - PromiseKit/Foundation (6.18.1):
    - PromiseKit/CorePromise

DEPENDENCIES:
  - CryptoSwift (= 1.4.2)
  - PromiseKit (= 6.18.1)

SPEC REPOS:
  trunk:
    - CryptoSwift
    - PromiseKit

SPEC CHECKSUMS:
  CryptoSwift: a532e74ed010f8c95f611d00b8bbae42e9fe7c17
  PromiseKit: 49d70c53d5d20e346beaea4b276b5dd2ab446bb4

PODFILE CHECKSUM: 7e7ff2a5162973c04cb1353ffe4b5ebbcc639f71

COCOAPODS: 1.12.1
