<?xml version="1.0" encoding="UTF-8"?>
<Scheme
   LastUpgradeVersion = "1430"
   version = "1.7">
   <BuildAction
      parallelizeBuildables = "YES"
      buildImplicitDependencies = "YES">
      <PostActions>
         <ExecutionAction
            ActionType = "Xcode.IDEStandardExecutionActionsCore.ExecutionActionType.ShellScriptAction">
            <ActionContent
               title = "Run Script"
               scriptText = "# Type a script or drag a script file from your workspace to insert its path.&#10;&#10;cd $TARGET_BUILD_DIR&#10;echo $TARGET_BUILD_DIR&#10;# cp -v ./$TARGET_BUILD_DIRA/OBFU /usr/local/bin/OBFU&#10;# cp -r -v ./$TARGET_BUILD_DIRA/OBFUFrameworks /usr/local/bin/OBFUFrameworks&#10;"
               shellToInvoke = "/bin/sh">
               <EnvironmentBuildable>
                  <BuildableReference
                     BuildableIdentifier = "primary"
                     BlueprintIdentifier = "9391AD4E2B5A682400C92D7B"
                     BuildableName = "OBFU"
                     BlueprintName = "OBFU"
                     ReferencedContainer = "container:OBFU.xcodeproj">
                  </BuildableReference>
               </EnvironmentBuildable>
            </ActionContent>
         </ExecutionAction>
         <ExecutionAction
            ActionType = "Xcode.IDEStandardExecutionActionsCore.ExecutionActionType.ShellScriptAction">
            <ActionContent
               title = "Run Script"
               scriptText = "# Type a script or drag a script file from your workspace to insert its path.&#10;perl &quot;${PROJECT_DIR}/scripts/sort-Xcode-project-file.pl&quot; &quot;${PROJECT_DIR}/OBFU.xcodeproj/project.pbxproj&quot;&#10;">
               <EnvironmentBuildable>
                  <BuildableReference
                     BuildableIdentifier = "primary"
                     BlueprintIdentifier = "9391AD4E2B5A682400C92D7B"
                     BuildableName = "OBFU"
                     BlueprintName = "OBFU"
                     ReferencedContainer = "container:OBFU.xcodeproj">
                  </BuildableReference>
               </EnvironmentBuildable>
            </ActionContent>
         </ExecutionAction>
      </PostActions>
      <BuildActionEntries>
         <BuildActionEntry
            buildForTesting = "YES"
            buildForRunning = "YES"
            buildForProfiling = "YES"
            buildForArchiving = "YES"
            buildForAnalyzing = "YES">
            <BuildableReference
               BuildableIdentifier = "primary"
               BlueprintIdentifier = "9391AD4E2B5A682400C92D7B"
               BuildableName = "OBFU"
               BlueprintName = "OBFU"
               ReferencedContainer = "container:OBFU.xcodeproj">
            </BuildableReference>
         </BuildActionEntry>
      </BuildActionEntries>
   </BuildAction>
   <TestAction
      buildConfiguration = "Debug"
      selectedDebuggerIdentifier = "Xcode.DebuggerFoundation.Debugger.LLDB"
      selectedLauncherIdentifier = "Xcode.DebuggerFoundation.Launcher.LLDB"
      shouldUseLaunchSchemeArgsEnv = "YES">
      <Testables>
      </Testables>
   </TestAction>
   <LaunchAction
      buildConfiguration = "Debug"
      selectedDebuggerIdentifier = "Xcode.DebuggerFoundation.Debugger.LLDB"
      selectedLauncherIdentifier = "Xcode.DebuggerFoundation.Launcher.LLDB"
      launchStyle = "0"
      useCustomWorkingDirectory = "NO"
      ignoresPersistentStateOnLaunch = "NO"
      debugDocumentVersioning = "YES"
      debugServiceExtension = "internal"
      allowLocationSimulation = "YES"
      viewDebuggingEnabled = "No">
      <BuildableProductRunnable
         runnableDebuggingMode = "0">
         <BuildableReference
            BuildableIdentifier = "primary"
            BlueprintIdentifier = "9391AD4E2B5A682400C92D7B"
            BuildableName = "OBFU"
            BlueprintName = "OBFU"
            ReferencedContainer = "container:OBFU.xcodeproj">
         </BuildableReference>
      </BuildableProductRunnable>
      <CommandLineArguments>
         <CommandLineArgument
            argument = "-k 2.30.1"
            isEnabled = "NO">
         </CommandLineArgument>
         <CommandLineArgument
            argument = "-ps"
            isEnabled = "NO">
         </CommandLineArgument>
         <CommandLineArgument
            argument = "-p /Users/aaronyen/Desktop/git/AllPay_Official_app_iOS "
            isEnabled = "NO">
         </CommandLineArgument>
         <CommandLineArgument
            argument = "-tag __Allpay"
            isEnabled = "NO">
         </CommandLineArgument>
         <CommandLineArgument
            argument = "-h"
            isEnabled = "NO">
         </CommandLineArgument>
      </CommandLineArguments>
   </LaunchAction>
   <ProfileAction
      buildConfiguration = "Release"
      shouldUseLaunchSchemeArgsEnv = "YES"
      savedToolIdentifier = ""
      useCustomWorkingDirectory = "NO"
      debugDocumentVersioning = "YES">
      <BuildableProductRunnable
         runnableDebuggingMode = "0">
         <BuildableReference
            BuildableIdentifier = "primary"
            BlueprintIdentifier = "9391AD4E2B5A682400C92D7B"
            BuildableName = "OBFU"
            BlueprintName = "OBFU"
            ReferencedContainer = "container:OBFU.xcodeproj">
         </BuildableReference>
      </BuildableProductRunnable>
   </ProfileAction>
   <AnalyzeAction
      buildConfiguration = "Debug">
   </AnalyzeAction>
   <ArchiveAction
      buildConfiguration = "Release"
      revealArchiveInOrganizer = "YES">
   </ArchiveAction>
</Scheme>
