// !$*UTF8*$!
{
	archiveVersion = 1;
	classes = {
	};
	objectVersion = 55;
	objects = {

/* Begin PBXBuildFile section */
		935E8EDE2B5E591E00DF40DB /* ExitHelper.swift in Sources */ = {isa = PBXBuildFile; fileRef = 935E8EDD2B5E591E00DF40DB /* ExitHelper.swift */; };
		935E8EE22B5E656500DF40DB /* Logger.swift in Sources */ = {isa = PBXBuildFile; fileRef = 935E8EE12B5E656500DF40DB /* Logger.swift */; };
		935E8EE42B5E693000DF40DB /* Obfuscator.swift in Sources */ = {isa = PBXBuildFile; fileRef = 935E8EE32B5E693000DF40DB /* Obfuscator.swift */; };
		935E8EE62B5E69AF00DF40DB /* Command.swift in Sources */ = {isa = PBXBuildFile; fileRef = 935E8EE52B5E69AF00DF40DB /* Command.swift */; };
		935E8EE82B5F50A700DF40DB /* Documentation.swift in Sources */ = {isa = PBXBuildFile; fileRef = 935E8EE72B5F50A700DF40DB /* Documentation.swift */; };
		9391AD532B5A682400C92D7B /* main.swift in Sources */ = {isa = PBXBuildFile; fileRef = 9391AD522B5A682400C92D7B /* main.swift */; };
		9398B9CA2B60EF5F00631464 /* DateHelper.swift in Sources */ = {isa = PBXBuildFile; fileRef = 9398B9C92B60EF5F00631464 /* DateHelper.swift */; };
		9398B9CC2B60F1E200631464 /* OBFUManager.swift in Sources */ = {isa = PBXBuildFile; fileRef = 9398B9CB2B60F1E200631464 /* OBFUManager.swift */; };
		93B01FE42B5FAF8A0079412A /* FuncHelper.swift in Sources */ = {isa = PBXBuildFile; fileRef = 93B01FE32B5FAF8A0079412A /* FuncHelper.swift */; };
		93B01FE62B5FB0080079412A /* OBFUError.swift in Sources */ = {isa = PBXBuildFile; fileRef = 93B01FE52B5FB0080079412A /* OBFUError.swift */; };
		93B01FEA2B5FBEBE0079412A /* StringHelper.swift in Sources */ = {isa = PBXBuildFile; fileRef = 93B01FE92B5FBEBE0079412A /* StringHelper.swift */; };
		CA0DFCAF2BA45CF200F8617E /* FileHelper.swift in Sources */ = {isa = PBXBuildFile; fileRef = CA0DFCAE2BA45CF200F8617E /* FileHelper.swift */; };
		CA724F152B8C925600257367 /* CryptoHelper.swift in Sources */ = {isa = PBXBuildFile; fileRef = CA724F142B8C925600257367 /* CryptoHelper.swift */; };
		CAEC69FB2BA7EEAE0067D444 /* FileModel.swift in Sources */ = {isa = PBXBuildFile; fileRef = CAEC69FA2BA7EEAE0067D444 /* FileModel.swift */; };
		CAF674D22B901C61003B906C /* CryptoSwift.framework in Frameworks */ = {isa = PBXBuildFile; fileRef = CAF674C92B901C52003B906C /* CryptoSwift.framework */; };
		CAF674D32B901C61003B906C /* CryptoSwift.framework in Embed Frameworks */ = {isa = PBXBuildFile; fileRef = CAF674C92B901C52003B906C /* CryptoSwift.framework */; settings = {ATTRIBUTES = (CodeSignOnCopy, RemoveHeadersOnCopy, ); }; };
/* End PBXBuildFile section */

/* Begin PBXContainerItemProxy section */
		CAF674C82B901C52003B906C /* PBXContainerItemProxy */ = {
			isa = PBXContainerItemProxy;
			containerPortal = CAF674C02B901C52003B906C /* CryptoSwift.xcodeproj */;
			proxyType = 2;
			remoteGlobalIDString = 754BE45519693E190098E6F3;
			remoteInfo = CryptoSwift;
		};
		CAF674CA2B901C52003B906C /* PBXContainerItemProxy */ = {
			isa = PBXContainerItemProxy;
			containerPortal = CAF674C02B901C52003B906C /* CryptoSwift.xcodeproj */;
			proxyType = 2;
			remoteGlobalIDString = 75211F92207249D8004E41F8;
			remoteInfo = "CryptoSwift-TestHostApp";
		};
		CAF674CC2B901C52003B906C /* PBXContainerItemProxy */ = {
			isa = PBXContainerItemProxy;
			containerPortal = CAF674C02B901C52003B906C /* CryptoSwift.xcodeproj */;
			proxyType = 2;
			remoteGlobalIDString = 754BE46019693E190098E6F3;
			remoteInfo = CryptoSwiftTests;
		};
		CAF674CE2B901C52003B906C /* PBXContainerItemProxy */ = {
			isa = PBXContainerItemProxy;
			containerPortal = CAF674C02B901C52003B906C /* CryptoSwift.xcodeproj */;
			proxyType = 2;
			remoteGlobalIDString = 7595C14A2072E48C00EA1A5F;
			remoteInfo = "TestsPerformance-Mac";
		};
		CAF674D02B901C52003B906C /* PBXContainerItemProxy */ = {
			isa = PBXContainerItemProxy;
			containerPortal = CAF674C02B901C52003B906C /* CryptoSwift.xcodeproj */;
			proxyType = 2;
			remoteGlobalIDString = 7564F0602072EAEB00CA5A96;
			remoteInfo = "TestsPerformance-iOS";
		};
/* End PBXContainerItemProxy section */

/* Begin PBXCopyFilesBuildPhase section */
		9391AD4D2B5A682400C92D7B /* Copy Files */ = {
			isa = PBXCopyFilesBuildPhase;
			buildActionMask = 2147483647;
			dstPath = /usr/share/man/man1;
			dstSubfolderSpec = 0;
			files = (
			);
			name = "Copy Files";
			runOnlyForDeploymentPostprocessing = 1;
		};
		CA0450642B8DC8E000371369 /* Embed Frameworks */ = {
			isa = PBXCopyFilesBuildPhase;
			buildActionMask = 12;
			dstPath = OBFUFrameworks;
			dstSubfolderSpec = 10;
			files = (
				CAF674D32B901C61003B906C /* CryptoSwift.framework in Embed Frameworks */,
			);
			name = "Embed Frameworks";
			runOnlyForDeploymentPostprocessing = 0;
		};
/* End PBXCopyFilesBuildPhase section */

/* Begin PBXFileReference section */
		935E8EDD2B5E591E00DF40DB /* ExitHelper.swift */ = {isa = PBXFileReference; lastKnownFileType = sourcecode.swift; path = ExitHelper.swift; sourceTree = "<group>"; };
		935E8EE12B5E656500DF40DB /* Logger.swift */ = {isa = PBXFileReference; lastKnownFileType = sourcecode.swift; path = Logger.swift; sourceTree = "<group>"; };
		935E8EE32B5E693000DF40DB /* Obfuscator.swift */ = {isa = PBXFileReference; lastKnownFileType = sourcecode.swift; path = Obfuscator.swift; sourceTree = "<group>"; };
		935E8EE52B5E69AF00DF40DB /* Command.swift */ = {isa = PBXFileReference; lastKnownFileType = sourcecode.swift; path = Command.swift; sourceTree = "<group>"; };
		935E8EE72B5F50A700DF40DB /* Documentation.swift */ = {isa = PBXFileReference; lastKnownFileType = sourcecode.swift; path = Documentation.swift; sourceTree = "<group>"; };
		9391AD4F2B5A682400C92D7B /* OBFU */ = {isa = PBXFileReference; explicitFileType = "compiled.mach-o.executable"; includeInIndex = 0; path = OBFU; sourceTree = BUILT_PRODUCTS_DIR; };
		9391AD522B5A682400C92D7B /* main.swift */ = {isa = PBXFileReference; lastKnownFileType = sourcecode.swift; path = main.swift; sourceTree = "<group>"; };
		9398B9C92B60EF5F00631464 /* DateHelper.swift */ = {isa = PBXFileReference; lastKnownFileType = sourcecode.swift; path = DateHelper.swift; sourceTree = "<group>"; };
		9398B9CB2B60F1E200631464 /* OBFUManager.swift */ = {isa = PBXFileReference; lastKnownFileType = sourcecode.swift; path = OBFUManager.swift; sourceTree = "<group>"; };
		93B01FE32B5FAF8A0079412A /* FuncHelper.swift */ = {isa = PBXFileReference; lastKnownFileType = sourcecode.swift; path = FuncHelper.swift; sourceTree = "<group>"; };
		93B01FE52B5FB0080079412A /* OBFUError.swift */ = {isa = PBXFileReference; lastKnownFileType = sourcecode.swift; path = OBFUError.swift; sourceTree = "<group>"; };
		93B01FE92B5FBEBE0079412A /* StringHelper.swift */ = {isa = PBXFileReference; lastKnownFileType = sourcecode.swift; path = StringHelper.swift; sourceTree = "<group>"; };
		CA0450672B8DD37000371369 /* CryptoSwift.framework */ = {isa = PBXFileReference; explicitFileType = wrapper.framework; path = CryptoSwift.framework; sourceTree = BUILT_PRODUCTS_DIR; };
		CA0DFCAE2BA45CF200F8617E /* FileHelper.swift */ = {isa = PBXFileReference; lastKnownFileType = sourcecode.swift; path = FileHelper.swift; sourceTree = "<group>"; };
		CA724F142B8C925600257367 /* CryptoHelper.swift */ = {isa = PBXFileReference; lastKnownFileType = sourcecode.swift; path = CryptoHelper.swift; sourceTree = "<group>"; };
		CAEC69FA2BA7EEAE0067D444 /* FileModel.swift */ = {isa = PBXFileReference; lastKnownFileType = sourcecode.swift; path = FileModel.swift; sourceTree = "<group>"; };
		CAF674C02B901C52003B906C /* CryptoSwift.xcodeproj */ = {isa = PBXFileReference; lastKnownFileType = "wrapper.pb-project"; name = CryptoSwift.xcodeproj; path = "CryptoSwift-1.8.1/CryptoSwift.xcodeproj"; sourceTree = "<group>"; };
/* End PBXFileReference section */

/* Begin PBXFrameworksBuildPhase section */
		9391AD4C2B5A682400C92D7B /* Frameworks */ = {
			isa = PBXFrameworksBuildPhase;
			buildActionMask = 2147483647;
			files = (
				CAF674D22B901C61003B906C /* CryptoSwift.framework in Frameworks */,
			);
			runOnlyForDeploymentPostprocessing = 0;
		};
/* End PBXFrameworksBuildPhase section */

/* Begin PBXGroup section */
		0ED1710CC2807E9358C51CD7 /* Frameworks */ = {
			isa = PBXGroup;
			children = (
				CA0450672B8DD37000371369 /* CryptoSwift.framework */,
			);
			name = Frameworks;
			sourceTree = "<group>";
		};
		935E8EDF2B5E5B8800DF40DB /* Helper */ = {
			isa = PBXGroup;
			children = (
				CA724F142B8C925600257367 /* CryptoHelper.swift */,
				9398B9C92B60EF5F00631464 /* DateHelper.swift */,
				935E8EDD2B5E591E00DF40DB /* ExitHelper.swift */,
				CA0DFCAE2BA45CF200F8617E /* FileHelper.swift */,
				93B01FE32B5FAF8A0079412A /* FuncHelper.swift */,
				93B01FE92B5FBEBE0079412A /* StringHelper.swift */,
			);
			path = Helper;
			sourceTree = "<group>";
		};
		935E8EE02B5E5C0600DF40DB /* Job */ = {
			isa = PBXGroup;
			children = (
				935E8EE52B5E69AF00DF40DB /* Command.swift */,
				935E8EE72B5F50A700DF40DB /* Documentation.swift */,
				935E8EE12B5E656500DF40DB /* Logger.swift */,
				935E8EE32B5E693000DF40DB /* Obfuscator.swift */,
			);
			path = Job;
			sourceTree = "<group>";
		};
		9391AD462B5A682400C92D7B = {
			isa = PBXGroup;
			children = (
				9391AD512B5A682400C92D7B /* OBFU */,
				9391AD502B5A682400C92D7B /* Products */,
				0ED1710CC2807E9358C51CD7 /* Frameworks */,
			);
			sourceTree = "<group>";
		};
		9391AD502B5A682400C92D7B /* Products */ = {
			isa = PBXGroup;
			children = (
				9391AD4F2B5A682400C92D7B /* OBFU */,
			);
			name = Products;
			sourceTree = "<group>";
		};
		9391AD512B5A682400C92D7B /* OBFU */ = {
			isa = PBXGroup;
			children = (
				CAF674982B901A58003B906C /* 3rdParty */,
				935E8EDF2B5E5B8800DF40DB /* Helper */,
				935E8EE02B5E5C0600DF40DB /* Job */,
				CA0DFC7C2BA42A6500F8617E /* Model */,
				9391AD522B5A682400C92D7B /* main.swift */,
				93B01FE52B5FB0080079412A /* OBFUError.swift */,
				9398B9CB2B60F1E200631464 /* OBFUManager.swift */,
			);
			path = OBFU;
			sourceTree = "<group>";
		};
		CA0DFC7C2BA42A6500F8617E /* Model */ = {
			isa = PBXGroup;
			children = (
				CAEC69FA2BA7EEAE0067D444 /* FileModel.swift */,
			);
			path = Model;
			sourceTree = "<group>";
		};
		CAF674982B901A58003B906C /* 3rdParty */ = {
			isa = PBXGroup;
			children = (
				CAF674C02B901C52003B906C /* CryptoSwift.xcodeproj */,
			);
			path = 3rdParty;
			sourceTree = "<group>";
		};
		CAF674C12B901C52003B906C /* Products */ = {
			isa = PBXGroup;
			children = (
				CAF674CB2B901C52003B906C /* CryptoSwift-TestHostApp.app */,
				CAF674C92B901C52003B906C /* CryptoSwift.framework */,
				CAF674CD2B901C52003B906C /* CryptoSwiftTests.xctest */,
				CAF674D12B901C52003B906C /* TestsPerformance-iOS.xctest */,
				CAF674CF2B901C52003B906C /* TestsPerformance-Mac.xctest */,
			);
			name = Products;
			sourceTree = "<group>";
		};
/* End PBXGroup section */

/* Begin PBXNativeTarget section */
		9391AD4E2B5A682400C92D7B /* OBFU */ = {
			isa = PBXNativeTarget;
			buildConfigurationList = 9391AD562B5A682400C92D7B /* Build configuration list for PBXNativeTarget "OBFU" */;
			buildPhases = (
				9391AD4B2B5A682400C92D7B /* Sources */,
				9391AD4C2B5A682400C92D7B /* Frameworks */,
				9391AD4D2B5A682400C92D7B /* Copy Files */,
				CA0450642B8DC8E000371369 /* Embed Frameworks */,
			);
			buildRules = (
			);
			dependencies = (
			);
			name = OBFU;
			productName = OBFU;
			productReference = 9391AD4F2B5A682400C92D7B /* OBFU */;
			productType = "com.apple.product-type.tool";
		};
/* End PBXNativeTarget section */

/* Begin PBXProject section */
		9391AD472B5A682400C92D7B /* Project object */ = {
			isa = PBXProject;
			attributes = {
				BuildIndependentTargetsInParallel = 1;
				LastSwiftUpdateCheck = 1420;
				LastUpgradeCheck = 1420;
				TargetAttributes = {
					9391AD4E2B5A682400C92D7B = {
						CreatedOnToolsVersion = 14.2;
					};
				};
			};
			buildConfigurationList = 9391AD4A2B5A682400C92D7B /* Build configuration list for PBXProject "OBFU" */;
			compatibilityVersion = "Xcode 13.0";
			developmentRegion = en;
			hasScannedForEncodings = 0;
			knownRegions = (
				en,
				Base,
			);
			mainGroup = 9391AD462B5A682400C92D7B;
			productRefGroup = 9391AD502B5A682400C92D7B /* Products */;
			projectDirPath = "";
			projectReferences = (
				{
					ProductGroup = CAF674C12B901C52003B906C /* Products */;
					ProjectRef = CAF674C02B901C52003B906C /* CryptoSwift.xcodeproj */;
				},
			);
			projectRoot = "";
			targets = (
				9391AD4E2B5A682400C92D7B /* OBFU */,
			);
		};
/* End PBXProject section */

/* Begin PBXReferenceProxy section */
		CAF674C92B901C52003B906C /* CryptoSwift.framework */ = {
			isa = PBXReferenceProxy;
			fileType = wrapper.framework;
			path = CryptoSwift.framework;
			remoteRef = CAF674C82B901C52003B906C /* PBXContainerItemProxy */;
			sourceTree = BUILT_PRODUCTS_DIR;
		};
		CAF674CB2B901C52003B906C /* CryptoSwift-TestHostApp.app */ = {
			isa = PBXReferenceProxy;
			fileType = wrapper.application;
			path = "CryptoSwift-TestHostApp.app";
			remoteRef = CAF674CA2B901C52003B906C /* PBXContainerItemProxy */;
			sourceTree = BUILT_PRODUCTS_DIR;
		};
		CAF674CD2B901C52003B906C /* CryptoSwiftTests.xctest */ = {
			isa = PBXReferenceProxy;
			fileType = wrapper.cfbundle;
			path = CryptoSwiftTests.xctest;
			remoteRef = CAF674CC2B901C52003B906C /* PBXContainerItemProxy */;
			sourceTree = BUILT_PRODUCTS_DIR;
		};
		CAF674CF2B901C52003B906C /* TestsPerformance-Mac.xctest */ = {
			isa = PBXReferenceProxy;
			fileType = wrapper.cfbundle;
			path = "TestsPerformance-Mac.xctest";
			remoteRef = CAF674CE2B901C52003B906C /* PBXContainerItemProxy */;
			sourceTree = BUILT_PRODUCTS_DIR;
		};
		CAF674D12B901C52003B906C /* TestsPerformance-iOS.xctest */ = {
			isa = PBXReferenceProxy;
			fileType = wrapper.cfbundle;
			path = "TestsPerformance-iOS.xctest";
			remoteRef = CAF674D02B901C52003B906C /* PBXContainerItemProxy */;
			sourceTree = BUILT_PRODUCTS_DIR;
		};
/* End PBXReferenceProxy section */

/* Begin PBXSourcesBuildPhase section */
		9391AD4B2B5A682400C92D7B /* Sources */ = {
			isa = PBXSourcesBuildPhase;
			buildActionMask = 2147483647;
			files = (
				935E8EE62B5E69AF00DF40DB /* Command.swift in Sources */,
				CA724F152B8C925600257367 /* CryptoHelper.swift in Sources */,
				9398B9CA2B60EF5F00631464 /* DateHelper.swift in Sources */,
				935E8EE82B5F50A700DF40DB /* Documentation.swift in Sources */,
				935E8EDE2B5E591E00DF40DB /* ExitHelper.swift in Sources */,
				CA0DFCAF2BA45CF200F8617E /* FileHelper.swift in Sources */,
				CAEC69FB2BA7EEAE0067D444 /* FileModel.swift in Sources */,
				93B01FE42B5FAF8A0079412A /* FuncHelper.swift in Sources */,
				935E8EE22B5E656500DF40DB /* Logger.swift in Sources */,
				9391AD532B5A682400C92D7B /* main.swift in Sources */,
				93B01FE62B5FB0080079412A /* OBFUError.swift in Sources */,
				9398B9CC2B60F1E200631464 /* OBFUManager.swift in Sources */,
				935E8EE42B5E693000DF40DB /* Obfuscator.swift in Sources */,
				93B01FEA2B5FBEBE0079412A /* StringHelper.swift in Sources */,
			);
			runOnlyForDeploymentPostprocessing = 0;
		};
/* End PBXSourcesBuildPhase section */

/* Begin XCBuildConfiguration section */
		9391AD542B5A682400C92D7B /* Debug */ = {
			isa = XCBuildConfiguration;
			buildSettings = {
				ALWAYS_SEARCH_USER_PATHS = NO;
				CLANG_ANALYZER_NONNULL = YES;
				CLANG_ANALYZER_NUMBER_OBJECT_CONVERSION = YES_AGGRESSIVE;
				CLANG_CXX_LANGUAGE_STANDARD = "gnu++20";
				CLANG_ENABLE_MODULES = YES;
				CLANG_ENABLE_OBJC_ARC = YES;
				CLANG_ENABLE_OBJC_WEAK = YES;
				CLANG_WARN_BLOCK_CAPTURE_AUTORELEASING = YES;
				CLANG_WARN_BOOL_CONVERSION = YES;
				CLANG_WARN_COMMA = YES;
				CLANG_WARN_CONSTANT_CONVERSION = YES;
				CLANG_WARN_DEPRECATED_OBJC_IMPLEMENTATIONS = YES;
				CLANG_WARN_DIRECT_OBJC_ISA_USAGE = YES_ERROR;
				CLANG_WARN_DOCUMENTATION_COMMENTS = YES;
				CLANG_WARN_EMPTY_BODY = YES;
				CLANG_WARN_ENUM_CONVERSION = YES;
				CLANG_WARN_INFINITE_RECURSION = YES;
				CLANG_WARN_INT_CONVERSION = YES;
				CLANG_WARN_NON_LITERAL_NULL_CONVERSION = YES;
				CLANG_WARN_OBJC_IMPLICIT_RETAIN_SELF = YES;
				CLANG_WARN_OBJC_LITERAL_CONVERSION = YES;
				CLANG_WARN_OBJC_ROOT_CLASS = YES_ERROR;
				CLANG_WARN_QUOTED_INCLUDE_IN_FRAMEWORK_HEADER = YES;
				CLANG_WARN_RANGE_LOOP_ANALYSIS = YES;
				CLANG_WARN_STRICT_PROTOTYPES = YES;
				CLANG_WARN_SUSPICIOUS_MOVE = YES;
				CLANG_WARN_UNGUARDED_AVAILABILITY = YES_AGGRESSIVE;
				CLANG_WARN_UNREACHABLE_CODE = YES;
				CLANG_WARN__DUPLICATE_METHOD_MATCH = YES;
				COPY_PHASE_STRIP = NO;
				DEBUG_INFORMATION_FORMAT = dwarf;
				ENABLE_STRICT_OBJC_MSGSEND = YES;
				ENABLE_TESTABILITY = YES;
				GCC_C_LANGUAGE_STANDARD = gnu11;
				GCC_DYNAMIC_NO_PIC = NO;
				GCC_NO_COMMON_BLOCKS = YES;
				GCC_OPTIMIZATION_LEVEL = 0;
				GCC_PREPROCESSOR_DEFINITIONS = (
					"DEBUG=1",
					"$(inherited)",
				);
				GCC_WARN_64_TO_32_BIT_CONVERSION = YES;
				GCC_WARN_ABOUT_RETURN_TYPE = YES_ERROR;
				GCC_WARN_UNDECLARED_SELECTOR = YES;
				GCC_WARN_UNINITIALIZED_AUTOS = YES_AGGRESSIVE;
				GCC_WARN_UNUSED_FUNCTION = YES;
				GCC_WARN_UNUSED_VARIABLE = YES;
				MACOSX_DEPLOYMENT_TARGET = 13.1;
				MTL_ENABLE_DEBUG_INFO = INCLUDE_SOURCE;
				MTL_FAST_MATH = YES;
				ONLY_ACTIVE_ARCH = YES;
				SDKROOT = macosx;
				SWIFT_ACTIVE_COMPILATION_CONDITIONS = DEBUG;
				SWIFT_OPTIMIZATION_LEVEL = "-Onone";
			};
			name = Debug;
		};
		9391AD552B5A682400C92D7B /* Release */ = {
			isa = XCBuildConfiguration;
			buildSettings = {
				ALWAYS_SEARCH_USER_PATHS = NO;
				CLANG_ANALYZER_NONNULL = YES;
				CLANG_ANALYZER_NUMBER_OBJECT_CONVERSION = YES_AGGRESSIVE;
				CLANG_CXX_LANGUAGE_STANDARD = "gnu++20";
				CLANG_ENABLE_MODULES = YES;
				CLANG_ENABLE_OBJC_ARC = YES;
				CLANG_ENABLE_OBJC_WEAK = YES;
				CLANG_WARN_BLOCK_CAPTURE_AUTORELEASING = YES;
				CLANG_WARN_BOOL_CONVERSION = YES;
				CLANG_WARN_COMMA = YES;
				CLANG_WARN_CONSTANT_CONVERSION = YES;
				CLANG_WARN_DEPRECATED_OBJC_IMPLEMENTATIONS = YES;
				CLANG_WARN_DIRECT_OBJC_ISA_USAGE = YES_ERROR;
				CLANG_WARN_DOCUMENTATION_COMMENTS = YES;
				CLANG_WARN_EMPTY_BODY = YES;
				CLANG_WARN_ENUM_CONVERSION = YES;
				CLANG_WARN_INFINITE_RECURSION = YES;
				CLANG_WARN_INT_CONVERSION = YES;
				CLANG_WARN_NON_LITERAL_NULL_CONVERSION = YES;
				CLANG_WARN_OBJC_IMPLICIT_RETAIN_SELF = YES;
				CLANG_WARN_OBJC_LITERAL_CONVERSION = YES;
				CLANG_WARN_OBJC_ROOT_CLASS = YES_ERROR;
				CLANG_WARN_QUOTED_INCLUDE_IN_FRAMEWORK_HEADER = YES;
				CLANG_WARN_RANGE_LOOP_ANALYSIS = YES;
				CLANG_WARN_STRICT_PROTOTYPES = YES;
				CLANG_WARN_SUSPICIOUS_MOVE = YES;
				CLANG_WARN_UNGUARDED_AVAILABILITY = YES_AGGRESSIVE;
				CLANG_WARN_UNREACHABLE_CODE = YES;
				CLANG_WARN__DUPLICATE_METHOD_MATCH = YES;
				COPY_PHASE_STRIP = NO;
				DEBUG_INFORMATION_FORMAT = "dwarf-with-dsym";
				ENABLE_NS_ASSERTIONS = NO;
				ENABLE_STRICT_OBJC_MSGSEND = YES;
				GCC_C_LANGUAGE_STANDARD = gnu11;
				GCC_NO_COMMON_BLOCKS = YES;
				GCC_WARN_64_TO_32_BIT_CONVERSION = YES;
				GCC_WARN_ABOUT_RETURN_TYPE = YES_ERROR;
				GCC_WARN_UNDECLARED_SELECTOR = YES;
				GCC_WARN_UNINITIALIZED_AUTOS = YES_AGGRESSIVE;
				GCC_WARN_UNUSED_FUNCTION = YES;
				GCC_WARN_UNUSED_VARIABLE = YES;
				MACOSX_DEPLOYMENT_TARGET = 13.1;
				MTL_ENABLE_DEBUG_INFO = NO;
				MTL_FAST_MATH = YES;
				SDKROOT = macosx;
				SWIFT_COMPILATION_MODE = wholemodule;
				SWIFT_OPTIMIZATION_LEVEL = "-O";
			};
			name = Release;
		};
		9391AD572B5A682400C92D7B /* Debug */ = {
			isa = XCBuildConfiguration;
			buildSettings = {
				CODE_SIGN_STYLE = Automatic;
				LD_RUNPATH_SEARCH_PATHS = (
					"$(inherited)",
					/usr/lib/swift,
					"@executable_path/Frameworks",
					"@executable_path/../Frameworks",
					"@loader_path/Frameworks",
					"\"${DT_TOOLCHAIN_DIR}/usr/lib/swift/${PLATFORM_NAME}\"",
					"@loader_path/OBFUFrameworks",
					"@executable_path/OBFUFrameworks",
				);
				PRODUCT_NAME = "$(TARGET_NAME)";
				SWIFT_VERSION = 5.0;
			};
			name = Debug;
		};
		9391AD582B5A682400C92D7B /* Release */ = {
			isa = XCBuildConfiguration;
			buildSettings = {
				CODE_SIGN_STYLE = Automatic;
				LD_RUNPATH_SEARCH_PATHS = (
					"$(inherited)",
					/usr/lib/swift,
					"@executable_path/Frameworks",
					"@executable_path/../Frameworks",
					"@loader_path/Frameworks",
					"\"${DT_TOOLCHAIN_DIR}/usr/lib/swift/${PLATFORM_NAME}\"",
					"@loader_path/OBFUFrameworks",
					"@executable_path/OBFUFrameworks",
				);
				PRODUCT_NAME = "$(TARGET_NAME)";
				SWIFT_VERSION = 5.0;
			};
			name = Release;
		};
/* End XCBuildConfiguration section */

/* Begin XCConfigurationList section */
		9391AD4A2B5A682400C92D7B /* Build configuration list for PBXProject "OBFU" */ = {
			isa = XCConfigurationList;
			buildConfigurations = (
				9391AD542B5A682400C92D7B /* Debug */,
				9391AD552B5A682400C92D7B /* Release */,
			);
			defaultConfigurationIsVisible = 0;
			defaultConfigurationName = Release;
		};
		9391AD562B5A682400C92D7B /* Build configuration list for PBXNativeTarget "OBFU" */ = {
			isa = XCConfigurationList;
			buildConfigurations = (
				9391AD572B5A682400C92D7B /* Debug */,
				9391AD582B5A682400C92D7B /* Release */,
			);
			defaultConfigurationIsVisible = 0;
			defaultConfigurationName = Release;
		};
/* End XCConfigurationList section */
	};
	rootObject = 9391AD472B5A682400C92D7B /* Project object */;
}
